// !$*UTF8*$!
{
	archiveVersion = 1;
	classes = {
	};
	objectVersion = 50;
	objects = {

/* Begin PBXBuildFile section */
		D636B39F23D35043007F370F /* DiskView.swift in Sources */ = {isa = PBXBuildFile; fileRef = D636B39E23D35043007F370F /* DiskView.swift */; };
		D642BDB423A9FE4500396732 /* AppDelegate.swift in Sources */ = {isa = PBXBuildFile; fileRef = D642BDB323A9FE4500396732 /* AppDelegate.swift */; };
		D642BDB623A9FE4500396732 /* SceneDelegate.swift in Sources */ = {isa = PBXBuildFile; fileRef = D642BDB523A9FE4500396732 /* SceneDelegate.swift */; };
		D642BDB823A9FE4500396732 /* ViewController.swift in Sources */ = {isa = PBXBuildFile; fileRef = D642BDB723A9FE4500396732 /* ViewController.swift */; };
		D642BDBB23A9FE4500396732 /* Main.storyboard in Resources */ = {isa = PBXBuildFile; fileRef = D642BDB923A9FE4500396732 /* Main.storyboard */; };
		D642BDBD23A9FE4700396732 /* Assets.xcassets in Resources */ = {isa = PBXBuildFile; fileRef = D642BDBC23A9FE4700396732 /* Assets.xcassets */; };
		D642BDC023A9FE4700396732 /* LaunchScreen.storyboard in Resources */ = {isa = PBXBuildFile; fileRef = D642BDBE23A9FE4700396732 /* LaunchScreen.storyboard */; };
		D642BDD623AA0B3900396732 /* CellView.swift in Sources */ = {isa = PBXBuildFile; fileRef = D642BDD523AA0B3900396732 /* CellView.swift */; };
		D642BDDC23AA137C00396732 /* BoardView.swift in Sources */ = {isa = PBXBuildFile; fileRef = D642BDDB23AA137C00396732 /* BoardView.swift */; };
		D67B7BC7245A18F4005B7B5A /* ReversiCore.framework in Frameworks */ = {isa = PBXBuildFile; fileRef = D67B7BBE245A18F4005B7B5A /* ReversiCore.framework */; };
		D67B7BD0245A18F4005B7B5A /* ReversiCore.h in Headers */ = {isa = PBXBuildFile; fileRef = D67B7BC0245A18F4005B7B5A /* ReversiCore.h */; settings = {ATTRIBUTES = (Public, ); }; };
		D67B7BD3245A18F4005B7B5A /* ReversiCore.framework in Frameworks */ = {isa = PBXBuildFile; fileRef = D67B7BBE245A18F4005B7B5A /* ReversiCore.framework */; };
		D67B7BD4245A18F4005B7B5A /* ReversiCore.framework in Embed Frameworks */ = {isa = PBXBuildFile; fileRef = D67B7BBE245A18F4005B7B5A /* ReversiCore.framework */; settings = {ATTRIBUTES = (CodeSignOnCopy, RemoveHeadersOnCopy, ); }; };
		D67B7BDB245A1927005B7B5A /* Canceller.swift in Sources */ = {isa = PBXBuildFile; fileRef = D6ABBAEA2459182C009B28DD /* Canceller.swift */; };
		D67B7BDC245A1927005B7B5A /* DiskPlacementError.swift in Sources */ = {isa = PBXBuildFile; fileRef = D6ABBAEC2459190E009B28DD /* DiskPlacementError.swift */; };
		D67B7BDD245A1927005B7B5A /* GameManager.swift in Sources */ = {isa = PBXBuildFile; fileRef = D67E44D524543D5200C0164F /* GameManager.swift */; };
		D67B7BDE245A1927005B7B5A /* ReversiSpecification.swift in Sources */ = {isa = PBXBuildFile; fileRef = D67E44CF2453E8C500C0164F /* ReversiSpecification.swift */; };
		D67B7BE0245A19E1005B7B5A /* Disk.swift in Sources */ = {isa = PBXBuildFile; fileRef = D642BDD723AA0B5700396732 /* Disk.swift */; };
		D67B7BE1245A19E4005B7B5A /* Board.swift in Sources */ = {isa = PBXBuildFile; fileRef = D67E44CD2453E8A500C0164F /* Board.swift */; };
		D67B7BE2245A19E7005B7B5A /* GamePlayer.swift in Sources */ = {isa = PBXBuildFile; fileRef = D67E44E02455196600C0164F /* GamePlayer.swift */; };
		D67B7BE3245A19EB005B7B5A /* GameState.swift in Sources */ = {isa = PBXBuildFile; fileRef = D67E44E524551D4200C0164F /* GameState.swift */; };
		D67B7BE7245A1AE0005B7B5A /* GameStateStore.swift in Sources */ = {isa = PBXBuildFile; fileRef = D67E44DA2454F9AC00C0164F /* GameStateStore.swift */; };
		D67B7BE8245A1AF1005B7B5A /* UserActionDelegate.swift in Sources */ = {isa = PBXBuildFile; fileRef = D67E44D72454E35600C0164F /* UserActionDelegate.swift */; };
		D67B7BE9245A1B1F005B7B5A /* ReversiSpecificationTests.swift in Sources */ = {isa = PBXBuildFile; fileRef = D61E95582453A72100F77B2D /* ReversiSpecificationTests.swift */; };
		D67B7BEA245A1B1F005B7B5A /* BoardTests.swift in Sources */ = {isa = PBXBuildFile; fileRef = D67E44D12453EAC100C0164F /* BoardTests.swift */; };
		D67B7BEB245A1B24005B7B5A /* GameManagerTests.swift in Sources */ = {isa = PBXBuildFile; fileRef = D6ABBAF2245967A5009B28DD /* GameManagerTests.swift */; };
		D67B7BEE245A4121005B7B5A /* Helper.swift in Sources */ = {isa = PBXBuildFile; fileRef = D67B7BED245A4121005B7B5A /* Helper.swift */; };
		D67B7BF0245A4153005B7B5A /* InMemoryGameStore.swift in Sources */ = {isa = PBXBuildFile; fileRef = D67B7BEF245A4153005B7B5A /* InMemoryGameStore.swift */; };
		D67B7BFF245B688D005B7B5A /* ReversiStore.framework in Frameworks */ = {isa = PBXBuildFile; fileRef = D67B7BF6245B688C005B7B5A /* ReversiStore.framework */; };
		D67B7C08245B688D005B7B5A /* ReversiStore.h in Headers */ = {isa = PBXBuildFile; fileRef = D67B7BF8245B688C005B7B5A /* ReversiStore.h */; settings = {ATTRIBUTES = (Public, ); }; };
		D67B7C0B245B688D005B7B5A /* ReversiStore.framework in Frameworks */ = {isa = PBXBuildFile; fileRef = D67B7BF6245B688C005B7B5A /* ReversiStore.framework */; };
		D67B7C0C245B688D005B7B5A /* ReversiStore.framework in Embed Frameworks */ = {isa = PBXBuildFile; fileRef = D67B7BF6245B688C005B7B5A /* ReversiStore.framework */; settings = {ATTRIBUTES = (CodeSignOnCopy, RemoveHeadersOnCopy, ); }; };
		D67B7C13245B689A005B7B5A /* FileGameStateStore.swift in Sources */ = {isa = PBXBuildFile; fileRef = D67E44DE2455187D00C0164F /* FileGameStateStore.swift */; };
		D67B7C14245B68A4005B7B5A /* FileGameStateStoreTests.swift in Sources */ = {isa = PBXBuildFile; fileRef = D67E44DC2454FA0A00C0164F /* FileGameStateStoreTests.swift */; };
		D67B7C17245B690B005B7B5A /* Helper.swift in Sources */ = {isa = PBXBuildFile; fileRef = D67B7C16245B690B005B7B5A /* Helper.swift */; };
		D67E44E8245526D300C0164F /* ViewModel.swift in Sources */ = {isa = PBXBuildFile; fileRef = D67E44E7245526D300C0164F /* ViewModel.swift */; };
		D67E44EA2455493F00C0164F /* ViewModelTests.swift in Sources */ = {isa = PBXBuildFile; fileRef = D67E44E92455493F00C0164F /* ViewModelTests.swift */; };
		D6ABBAE7245550CE009B28DD /* Helper.swift in Sources */ = {isa = PBXBuildFile; fileRef = D6ABBAE6245550CE009B28DD /* Helper.swift */; };
		D6ABBAE924564C5E009B28DD /* ViewControllerTests.swift in Sources */ = {isa = PBXBuildFile; fileRef = D6ABBAE824564C5E009B28DD /* ViewControllerTests.swift */; };
		D6ABBAEF2459206F009B28DD /* InMemoryGameStore.swift in Sources */ = {isa = PBXBuildFile; fileRef = D6ABBAEE2459206F009B28DD /* InMemoryGameStore.swift */; };
/* End PBXBuildFile section */

/* Begin PBXContainerItemProxy section */
		D642BDC723A9FE4700396732 /* PBXContainerItemProxy */ = {
			isa = PBXContainerItemProxy;
			containerPortal = D642BDA823A9FE4500396732 /* Project object */;
			proxyType = 1;
			remoteGlobalIDString = D642BDAF23A9FE4500396732;
			remoteInfo = Reversi;
		};
		D67B7BC8245A18F4005B7B5A /* PBXContainerItemProxy */ = {
			isa = PBXContainerItemProxy;
			containerPortal = D642BDA823A9FE4500396732 /* Project object */;
			proxyType = 1;
			remoteGlobalIDString = D67B7BBD245A18F4005B7B5A;
			remoteInfo = ReversiCore;
		};
		D67B7BD1245A18F4005B7B5A /* PBXContainerItemProxy */ = {
			isa = PBXContainerItemProxy;
			containerPortal = D642BDA823A9FE4500396732 /* Project object */;
			proxyType = 1;
			remoteGlobalIDString = D67B7BBD245A18F4005B7B5A;
			remoteInfo = ReversiCore;
		};
		D67B7C00245B688D005B7B5A /* PBXContainerItemProxy */ = {
			isa = PBXContainerItemProxy;
			containerPortal = D642BDA823A9FE4500396732 /* Project object */;
			proxyType = 1;
			remoteGlobalIDString = D67B7BF5245B688C005B7B5A;
			remoteInfo = ReversiStore;
		};
		D67B7C09245B688D005B7B5A /* PBXContainerItemProxy */ = {
			isa = PBXContainerItemProxy;
			containerPortal = D642BDA823A9FE4500396732 /* Project object */;
			proxyType = 1;
			remoteGlobalIDString = D67B7BF5245B688C005B7B5A;
			remoteInfo = ReversiStore;
		};
/* End PBXContainerItemProxy section */

/* Begin PBXCopyFilesBuildPhase section */
		D6ABBB32245A1609009B28DD /* Embed Frameworks */ = {
			isa = PBXCopyFilesBuildPhase;
			buildActionMask = 2147483647;
			dstPath = "";
			dstSubfolderSpec = 10;
			files = (
				D67B7BD4245A18F4005B7B5A /* ReversiCore.framework in Embed Frameworks */,
				D67B7C0C245B688D005B7B5A /* ReversiStore.framework in Embed Frameworks */,
			);
			name = "Embed Frameworks";
			runOnlyForDeploymentPostprocessing = 0;
		};
/* End PBXCopyFilesBuildPhase section */

/* Begin PBXFileReference section */
		D61E95582453A72100F77B2D /* ReversiSpecificationTests.swift */ = {isa = PBXFileReference; lastKnownFileType = sourcecode.swift; path = ReversiSpecificationTests.swift; sourceTree = "<group>"; };
		D636B39E23D35043007F370F /* DiskView.swift */ = {isa = PBXFileReference; lastKnownFileType = sourcecode.swift; path = DiskView.swift; sourceTree = "<group>"; };
		D642BDB023A9FE4500396732 /* Reversi.app */ = {isa = PBXFileReference; explicitFileType = wrapper.application; includeInIndex = 0; path = Reversi.app; sourceTree = BUILT_PRODUCTS_DIR; };
		D642BDB323A9FE4500396732 /* AppDelegate.swift */ = {isa = PBXFileReference; lastKnownFileType = sourcecode.swift; path = AppDelegate.swift; sourceTree = "<group>"; };
		D642BDB523A9FE4500396732 /* SceneDelegate.swift */ = {isa = PBXFileReference; lastKnownFileType = sourcecode.swift; path = SceneDelegate.swift; sourceTree = "<group>"; };
		D642BDB723A9FE4500396732 /* ViewController.swift */ = {isa = PBXFileReference; lastKnownFileType = sourcecode.swift; path = ViewController.swift; sourceTree = "<group>"; };
		D642BDBA23A9FE4500396732 /* Base */ = {isa = PBXFileReference; lastKnownFileType = file.storyboard; name = Base; path = Base.lproj/Main.storyboard; sourceTree = "<group>"; };
		D642BDBC23A9FE4700396732 /* Assets.xcassets */ = {isa = PBXFileReference; lastKnownFileType = folder.assetcatalog; path = Assets.xcassets; sourceTree = "<group>"; };
		D642BDBF23A9FE4700396732 /* Base */ = {isa = PBXFileReference; lastKnownFileType = file.storyboard; name = Base; path = Base.lproj/LaunchScreen.storyboard; sourceTree = "<group>"; };
		D642BDC123A9FE4700396732 /* Info.plist */ = {isa = PBXFileReference; lastKnownFileType = text.plist.xml; path = Info.plist; sourceTree = "<group>"; };
		D642BDC623A9FE4700396732 /* ReversiTests.xctest */ = {isa = PBXFileReference; explicitFileType = wrapper.cfbundle; includeInIndex = 0; path = ReversiTests.xctest; sourceTree = BUILT_PRODUCTS_DIR; };
		D642BDCC23A9FE4700396732 /* Info.plist */ = {isa = PBXFileReference; lastKnownFileType = text.plist.xml; path = Info.plist; sourceTree = "<group>"; };
		D642BDD523AA0B3900396732 /* CellView.swift */ = {isa = PBXFileReference; lastKnownFileType = sourcecode.swift; path = CellView.swift; sourceTree = "<group>"; };
		D642BDD723AA0B5700396732 /* Disk.swift */ = {isa = PBXFileReference; lastKnownFileType = sourcecode.swift; path = Disk.swift; sourceTree = "<group>"; };
		D642BDDB23AA137C00396732 /* BoardView.swift */ = {isa = PBXFileReference; lastKnownFileType = sourcecode.swift; path = BoardView.swift; sourceTree = "<group>"; };
		D67B7BBE245A18F4005B7B5A /* ReversiCore.framework */ = {isa = PBXFileReference; explicitFileType = wrapper.framework; includeInIndex = 0; path = ReversiCore.framework; sourceTree = BUILT_PRODUCTS_DIR; };
		D67B7BC0245A18F4005B7B5A /* ReversiCore.h */ = {isa = PBXFileReference; lastKnownFileType = sourcecode.c.h; path = ReversiCore.h; sourceTree = "<group>"; };
		D67B7BC1245A18F4005B7B5A /* Info.plist */ = {isa = PBXFileReference; lastKnownFileType = text.plist.xml; path = Info.plist; sourceTree = "<group>"; };
		D67B7BC6245A18F4005B7B5A /* ReversiCoreTests.xctest */ = {isa = PBXFileReference; explicitFileType = wrapper.cfbundle; includeInIndex = 0; path = ReversiCoreTests.xctest; sourceTree = BUILT_PRODUCTS_DIR; };
		D67B7BCF245A18F4005B7B5A /* Info.plist */ = {isa = PBXFileReference; lastKnownFileType = text.plist.xml; path = Info.plist; sourceTree = "<group>"; };
		D67B7BED245A4121005B7B5A /* Helper.swift */ = {isa = PBXFileReference; lastKnownFileType = sourcecode.swift; path = Helper.swift; sourceTree = "<group>"; };
		D67B7BEF245A4153005B7B5A /* InMemoryGameStore.swift */ = {isa = PBXFileReference; lastKnownFileType = sourcecode.swift; path = InMemoryGameStore.swift; sourceTree = "<group>"; };
		D67B7BF6245B688C005B7B5A /* ReversiStore.framework */ = {isa = PBXFileReference; explicitFileType = wrapper.framework; includeInIndex = 0; path = ReversiStore.framework; sourceTree = BUILT_PRODUCTS_DIR; };
		D67B7BF8245B688C005B7B5A /* ReversiStore.h */ = {isa = PBXFileReference; lastKnownFileType = sourcecode.c.h; path = ReversiStore.h; sourceTree = "<group>"; };
		D67B7BF9245B688C005B7B5A /* Info.plist */ = {isa = PBXFileReference; lastKnownFileType = text.plist.xml; path = Info.plist; sourceTree = "<group>"; };
		D67B7BFE245B688D005B7B5A /* ReversiStoreTests.xctest */ = {isa = PBXFileReference; explicitFileType = wrapper.cfbundle; includeInIndex = 0; path = ReversiStoreTests.xctest; sourceTree = BUILT_PRODUCTS_DIR; };
		D67B7C07245B688D005B7B5A /* Info.plist */ = {isa = PBXFileReference; lastKnownFileType = text.plist.xml; path = Info.plist; sourceTree = "<group>"; };
		D67B7C16245B690B005B7B5A /* Helper.swift */ = {isa = PBXFileReference; lastKnownFileType = sourcecode.swift; path = Helper.swift; sourceTree = "<group>"; };
		D67E44CD2453E8A500C0164F /* Board.swift */ = {isa = PBXFileReference; lastKnownFileType = sourcecode.swift; path = Board.swift; sourceTree = "<group>"; };
		D67E44CF2453E8C500C0164F /* ReversiSpecification.swift */ = {isa = PBXFileReference; lastKnownFileType = sourcecode.swift; path = ReversiSpecification.swift; sourceTree = "<group>"; };
		D67E44D12453EAC100C0164F /* BoardTests.swift */ = {isa = PBXFileReference; lastKnownFileType = sourcecode.swift; path = BoardTests.swift; sourceTree = "<group>"; };
		D67E44D524543D5200C0164F /* GameManager.swift */ = {isa = PBXFileReference; lastKnownFileType = sourcecode.swift; path = GameManager.swift; sourceTree = "<group>"; };
		D67E44D72454E35600C0164F /* UserActionDelegate.swift */ = {isa = PBXFileReference; lastKnownFileType = sourcecode.swift; path = UserActionDelegate.swift; sourceTree = "<group>"; };
		D67E44DA2454F9AC00C0164F /* GameStateStore.swift */ = {isa = PBXFileReference; lastKnownFileType = sourcecode.swift; path = GameStateStore.swift; sourceTree = "<group>"; };
		D67E44DC2454FA0A00C0164F /* FileGameStateStoreTests.swift */ = {isa = PBXFileReference; lastKnownFileType = sourcecode.swift; path = FileGameStateStoreTests.swift; sourceTree = "<group>"; };
		D67E44DE2455187D00C0164F /* FileGameStateStore.swift */ = {isa = PBXFileReference; lastKnownFileType = sourcecode.swift; path = FileGameStateStore.swift; sourceTree = "<group>"; };
		D67E44E02455196600C0164F /* GamePlayer.swift */ = {isa = PBXFileReference; lastKnownFileType = sourcecode.swift; path = GamePlayer.swift; sourceTree = "<group>"; };
		D67E44E524551D4200C0164F /* GameState.swift */ = {isa = PBXFileReference; lastKnownFileType = sourcecode.swift; path = GameState.swift; sourceTree = "<group>"; };
		D67E44E7245526D300C0164F /* ViewModel.swift */ = {isa = PBXFileReference; lastKnownFileType = sourcecode.swift; path = ViewModel.swift; sourceTree = "<group>"; };
		D67E44E92455493F00C0164F /* ViewModelTests.swift */ = {isa = PBXFileReference; lastKnownFileType = sourcecode.swift; path = ViewModelTests.swift; sourceTree = "<group>"; };
		D6ABBAE6245550CE009B28DD /* Helper.swift */ = {isa = PBXFileReference; lastKnownFileType = sourcecode.swift; path = Helper.swift; sourceTree = "<group>"; };
		D6ABBAE824564C5E009B28DD /* ViewControllerTests.swift */ = {isa = PBXFileReference; lastKnownFileType = sourcecode.swift; path = ViewControllerTests.swift; sourceTree = "<group>"; };
		D6ABBAEA2459182C009B28DD /* Canceller.swift */ = {isa = PBXFileReference; lastKnownFileType = sourcecode.swift; path = Canceller.swift; sourceTree = "<group>"; };
		D6ABBAEC2459190E009B28DD /* DiskPlacementError.swift */ = {isa = PBXFileReference; lastKnownFileType = sourcecode.swift; path = DiskPlacementError.swift; sourceTree = "<group>"; };
		D6ABBAEE2459206F009B28DD /* InMemoryGameStore.swift */ = {isa = PBXFileReference; lastKnownFileType = sourcecode.swift; path = InMemoryGameStore.swift; sourceTree = "<group>"; };
		D6ABBAF2245967A5009B28DD /* GameManagerTests.swift */ = {isa = PBXFileReference; lastKnownFileType = sourcecode.swift; path = GameManagerTests.swift; sourceTree = "<group>"; };
/* End PBXFileReference section */

/* Begin PBXFrameworksBuildPhase section */
		D642BDAD23A9FE4500396732 /* Frameworks */ = {
			isa = PBXFrameworksBuildPhase;
			buildActionMask = 2147483647;
			files = (
				D67B7BD3245A18F4005B7B5A /* ReversiCore.framework in Frameworks */,
				D67B7C0B245B688D005B7B5A /* ReversiStore.framework in Frameworks */,
			);
			runOnlyForDeploymentPostprocessing = 0;
		};
		D642BDC323A9FE4700396732 /* Frameworks */ = {
			isa = PBXFrameworksBuildPhase;
			buildActionMask = 2147483647;
			files = (
			);
			runOnlyForDeploymentPostprocessing = 0;
		};
		D67B7BBB245A18F4005B7B5A /* Frameworks */ = {
			isa = PBXFrameworksBuildPhase;
			buildActionMask = 2147483647;
			files = (
			);
			runOnlyForDeploymentPostprocessing = 0;
		};
		D67B7BC3245A18F4005B7B5A /* Frameworks */ = {
			isa = PBXFrameworksBuildPhase;
			buildActionMask = 2147483647;
			files = (
				D67B7BC7245A18F4005B7B5A /* ReversiCore.framework in Frameworks */,
			);
			runOnlyForDeploymentPostprocessing = 0;
		};
		D67B7BF3245B688C005B7B5A /* Frameworks */ = {
			isa = PBXFrameworksBuildPhase;
			buildActionMask = 2147483647;
			files = (
			);
			runOnlyForDeploymentPostprocessing = 0;
		};
		D67B7BFB245B688D005B7B5A /* Frameworks */ = {
			isa = PBXFrameworksBuildPhase;
			buildActionMask = 2147483647;
			files = (
				D67B7BFF245B688D005B7B5A /* ReversiStore.framework in Frameworks */,
			);
			runOnlyForDeploymentPostprocessing = 0;
		};
/* End PBXFrameworksBuildPhase section */

/* Begin PBXGroup section */
		D636B3A123D43203007F370F /* Views */ = {
			isa = PBXGroup;
			children = (
				D642BDDB23AA137C00396732 /* BoardView.swift */,
				D642BDD523AA0B3900396732 /* CellView.swift */,
				D636B39E23D35043007F370F /* DiskView.swift */,
			);
			path = Views;
			sourceTree = "<group>";
		};
		D636B3A423D432D3007F370F /* DataTypes */ = {
			isa = PBXGroup;
			children = (
				D642BDD723AA0B5700396732 /* Disk.swift */,
				D67E44CD2453E8A500C0164F /* Board.swift */,
				D67E44E02455196600C0164F /* GamePlayer.swift */,
				D67E44E524551D4200C0164F /* GameState.swift */,
			);
			path = DataTypes;
			sourceTree = "<group>";
		};
		D642BDA723A9FE4500396732 = {
			isa = PBXGroup;
			children = (
				D642BDB223A9FE4500396732 /* Reversi */,
				D642BDC923A9FE4700396732 /* ReversiTests */,
				D67B7BBF245A18F4005B7B5A /* ReversiCore */,
				D67B7BCC245A18F4005B7B5A /* ReversiCoreTests */,
				D67B7BF7245B688C005B7B5A /* ReversiStore */,
				D67B7C04245B688D005B7B5A /* ReversiStoreTests */,
				D642BDB123A9FE4500396732 /* Products */,
			);
			sourceTree = "<group>";
		};
		D642BDB123A9FE4500396732 /* Products */ = {
			isa = PBXGroup;
			children = (
				D642BDB023A9FE4500396732 /* Reversi.app */,
				D642BDC623A9FE4700396732 /* ReversiTests.xctest */,
				D67B7BBE245A18F4005B7B5A /* ReversiCore.framework */,
				D67B7BC6245A18F4005B7B5A /* ReversiCoreTests.xctest */,
				D67B7BF6245B688C005B7B5A /* ReversiStore.framework */,
				D67B7BFE245B688D005B7B5A /* ReversiStoreTests.xctest */,
			);
			name = Products;
			sourceTree = "<group>";
		};
		D642BDB223A9FE4500396732 /* Reversi */ = {
			isa = PBXGroup;
			children = (
				D642BDC123A9FE4700396732 /* Info.plist */,
				D642BDB323A9FE4500396732 /* AppDelegate.swift */,
				D642BDB523A9FE4500396732 /* SceneDelegate.swift */,
				D642BDBC23A9FE4700396732 /* Assets.xcassets */,
				D642BDBE23A9FE4700396732 /* LaunchScreen.storyboard */,
				D642BDB923A9FE4500396732 /* Main.storyboard */,
				D67E44D92454F7A900C0164F /* Store */,
				D67E44E424551A8A00C0164F /* UI */,
			);
			path = Reversi;
			sourceTree = "<group>";
		};
		D642BDC923A9FE4700396732 /* ReversiTests */ = {
			isa = PBXGroup;
			children = (
				D6ABBAE324554EB2009B28DD /* Helpers */,
				D642BDCC23A9FE4700396732 /* Info.plist */,
				D67E44E92455493F00C0164F /* ViewModelTests.swift */,
				D6ABBAE824564C5E009B28DD /* ViewControllerTests.swift */,
			);
			path = ReversiTests;
			sourceTree = "<group>";
		};
		D67B7BBF245A18F4005B7B5A /* ReversiCore */ = {
			isa = PBXGroup;
			children = (
				D67E44D72454E35600C0164F /* UserActionDelegate.swift */,
				D67E44DA2454F9AC00C0164F /* GameStateStore.swift */,
				D6ABBAEA2459182C009B28DD /* Canceller.swift */,
				D6ABBAEC2459190E009B28DD /* DiskPlacementError.swift */,
				D67E44D524543D5200C0164F /* GameManager.swift */,
				D67E44CF2453E8C500C0164F /* ReversiSpecification.swift */,
				D636B3A423D432D3007F370F /* DataTypes */,
				D67B7BC0245A18F4005B7B5A /* ReversiCore.h */,
				D67B7BC1245A18F4005B7B5A /* Info.plist */,
			);
			path = ReversiCore;
			sourceTree = "<group>";
		};
		D67B7BCC245A18F4005B7B5A /* ReversiCoreTests */ = {
			isa = PBXGroup;
			children = (
				D67B7BEC245A40F6005B7B5A /* Helpers */,
				D6ABBAF2245967A5009B28DD /* GameManagerTests.swift */,
				D61E95582453A72100F77B2D /* ReversiSpecificationTests.swift */,
				D67E44D12453EAC100C0164F /* BoardTests.swift */,
				D67B7BCF245A18F4005B7B5A /* Info.plist */,
			);
			path = ReversiCoreTests;
			sourceTree = "<group>";
		};
		D67B7BEC245A40F6005B7B5A /* Helpers */ = {
			isa = PBXGroup;
			children = (
				D67B7BED245A4121005B7B5A /* Helper.swift */,
				D67B7BEF245A4153005B7B5A /* InMemoryGameStore.swift */,
			);
			path = Helpers;
			sourceTree = "<group>";
		};
		D67B7BF7245B688C005B7B5A /* ReversiStore */ = {
			isa = PBXGroup;
			children = (
				D67E44DE2455187D00C0164F /* FileGameStateStore.swift */,
				D67B7BF8245B688C005B7B5A /* ReversiStore.h */,
				D67B7BF9245B688C005B7B5A /* Info.plist */,
			);
			path = ReversiStore;
			sourceTree = "<group>";
		};
		D67B7C04245B688D005B7B5A /* ReversiStoreTests */ = {
			isa = PBXGroup;
			children = (
				D67B7C15245B68F8005B7B5A /* Helpers */,
				D67E44DC2454FA0A00C0164F /* FileGameStateStoreTests.swift */,
				D67B7C07245B688D005B7B5A /* Info.plist */,
			);
			path = ReversiStoreTests;
			sourceTree = "<group>";
		};
		D67B7C15245B68F8005B7B5A /* Helpers */ = {
			isa = PBXGroup;
			children = (
				D67B7C16245B690B005B7B5A /* Helper.swift */,
			);
			path = Helpers;
			sourceTree = "<group>";
		};
		D67E44D92454F7A900C0164F /* Store */ = {
			isa = PBXGroup;
			children = (
			);
			path = Store;
			sourceTree = "<group>";
		};
		D67E44E424551A8A00C0164F /* UI */ = {
			isa = PBXGroup;
			children = (
				D642BDB723A9FE4500396732 /* ViewController.swift */,
				D67E44E7245526D300C0164F /* ViewModel.swift */,
				D636B3A123D43203007F370F /* Views */,
			);
			path = UI;
			sourceTree = "<group>";
		};
		D6ABBAE324554EB2009B28DD /* Helpers */ = {
			isa = PBXGroup;
			children = (
				D6ABBAE6245550CE009B28DD /* Helper.swift */,
				D6ABBAEE2459206F009B28DD /* InMemoryGameStore.swift */,
			);
			path = Helpers;
			sourceTree = "<group>";
		};
/* End PBXGroup section */

/* Begin PBXHeadersBuildPhase section */
		D67B7BB9245A18F4005B7B5A /* Headers */ = {
			isa = PBXHeadersBuildPhase;
			buildActionMask = 2147483647;
			files = (
				D67B7BD0245A18F4005B7B5A /* ReversiCore.h in Headers */,
			);
			runOnlyForDeploymentPostprocessing = 0;
		};
		D67B7BF1245B688C005B7B5A /* Headers */ = {
			isa = PBXHeadersBuildPhase;
			buildActionMask = 2147483647;
			files = (
				D67B7C08245B688D005B7B5A /* ReversiStore.h in Headers */,
			);
			runOnlyForDeploymentPostprocessing = 0;
		};
/* End PBXHeadersBuildPhase section */

/* Begin PBXNativeTarget section */
		D642BDAF23A9FE4500396732 /* Reversi */ = {
			isa = PBXNativeTarget;
			buildConfigurationList = D642BDCF23A9FE4800396732 /* Build configuration list for PBXNativeTarget "Reversi" */;
			buildPhases = (
				D642BDAC23A9FE4500396732 /* Sources */,
				D642BDAD23A9FE4500396732 /* Frameworks */,
				D642BDAE23A9FE4500396732 /* Resources */,
				D6ABBB32245A1609009B28DD /* Embed Frameworks */,
			);
			buildRules = (
			);
			dependencies = (
				D67B7BD2245A18F4005B7B5A /* PBXTargetDependency */,
				D67B7C0A245B688D005B7B5A /* PBXTargetDependency */,
			);
			name = Reversi;
			productName = Reversi;
			productReference = D642BDB023A9FE4500396732 /* Reversi.app */;
			productType = "com.apple.product-type.application";
		};
		D642BDC523A9FE4700396732 /* ReversiTests */ = {
			isa = PBXNativeTarget;
			buildConfigurationList = D642BDD223A9FE4800396732 /* Build configuration list for PBXNativeTarget "ReversiTests" */;
			buildPhases = (
				D642BDC223A9FE4700396732 /* Sources */,
				D642BDC323A9FE4700396732 /* Frameworks */,
				D642BDC423A9FE4700396732 /* Resources */,
			);
			buildRules = (
			);
			dependencies = (
				D642BDC823A9FE4700396732 /* PBXTargetDependency */,
			);
			name = ReversiTests;
			productName = ReversiTests;
			productReference = D642BDC623A9FE4700396732 /* ReversiTests.xctest */;
			productType = "com.apple.product-type.bundle.unit-test";
		};
		D67B7BBD245A18F4005B7B5A /* ReversiCore */ = {
			isa = PBXNativeTarget;
			buildConfigurationList = D67B7BD9245A18F4005B7B5A /* Build configuration list for PBXNativeTarget "ReversiCore" */;
			buildPhases = (
				D67B7BB9245A18F4005B7B5A /* Headers */,
				D67B7BBA245A18F4005B7B5A /* Sources */,
				D67B7BBB245A18F4005B7B5A /* Frameworks */,
				D67B7BBC245A18F4005B7B5A /* Resources */,
			);
			buildRules = (
			);
			dependencies = (
			);
			name = ReversiCore;
			productName = ReversiCore;
			productReference = D67B7BBE245A18F4005B7B5A /* ReversiCore.framework */;
			productType = "com.apple.product-type.framework";
		};
		D67B7BC5245A18F4005B7B5A /* ReversiCoreTests */ = {
			isa = PBXNativeTarget;
			buildConfigurationList = D67B7BDA245A18F4005B7B5A /* Build configuration list for PBXNativeTarget "ReversiCoreTests" */;
			buildPhases = (
				D67B7BC2245A18F4005B7B5A /* Sources */,
				D67B7BC3245A18F4005B7B5A /* Frameworks */,
				D67B7BC4245A18F4005B7B5A /* Resources */,
			);
			buildRules = (
			);
			dependencies = (
				D67B7BC9245A18F4005B7B5A /* PBXTargetDependency */,
			);
			name = ReversiCoreTests;
			productName = ReversiCoreTests;
			productReference = D67B7BC6245A18F4005B7B5A /* ReversiCoreTests.xctest */;
			productType = "com.apple.product-type.bundle.unit-test";
		};
		D67B7BF5245B688C005B7B5A /* ReversiStore */ = {
			isa = PBXNativeTarget;
			buildConfigurationList = D67B7C0D245B688D005B7B5A /* Build configuration list for PBXNativeTarget "ReversiStore" */;
			buildPhases = (
				D67B7BF1245B688C005B7B5A /* Headers */,
				D67B7BF2245B688C005B7B5A /* Sources */,
				D67B7BF3245B688C005B7B5A /* Frameworks */,
				D67B7BF4245B688C005B7B5A /* Resources */,
			);
			buildRules = (
			);
			dependencies = (
			);
			name = ReversiStore;
			productName = ReversiStore;
			productReference = D67B7BF6245B688C005B7B5A /* ReversiStore.framework */;
			productType = "com.apple.product-type.framework";
		};
		D67B7BFD245B688D005B7B5A /* ReversiStoreTests */ = {
			isa = PBXNativeTarget;
			buildConfigurationList = D67B7C10245B688D005B7B5A /* Build configuration list for PBXNativeTarget "ReversiStoreTests" */;
			buildPhases = (
				D67B7BFA245B688D005B7B5A /* Sources */,
				D67B7BFB245B688D005B7B5A /* Frameworks */,
				D67B7BFC245B688D005B7B5A /* Resources */,
			);
			buildRules = (
			);
			dependencies = (
				D67B7C01245B688D005B7B5A /* PBXTargetDependency */,
			);
			name = ReversiStoreTests;
			productName = ReversiStoreTests;
			productReference = D67B7BFE245B688D005B7B5A /* ReversiStoreTests.xctest */;
			productType = "com.apple.product-type.bundle.unit-test";
		};
/* End PBXNativeTarget section */

/* Begin PBXProject section */
		D642BDA823A9FE4500396732 /* Project object */ = {
			isa = PBXProject;
			attributes = {
				LastSwiftUpdateCheck = 1140;
				LastUpgradeCheck = 1130;
				ORGANIZATIONNAME = "Yuta Koshizawa";
				TargetAttributes = {
					D642BDAF23A9FE4500396732 = {
						CreatedOnToolsVersion = 11.3;
					};
					D642BDC523A9FE4700396732 = {
						CreatedOnToolsVersion = 11.3;
						TestTargetID = D642BDAF23A9FE4500396732;
					};
					D67B7BBD245A18F4005B7B5A = {
						CreatedOnToolsVersion = 11.4.1;
					};
					D67B7BC5245A18F4005B7B5A = {
						CreatedOnToolsVersion = 11.4.1;
						TestTargetID = D642BDAF23A9FE4500396732;
					};
					D67B7BF5245B688C005B7B5A = {
						CreatedOnToolsVersion = 11.4.1;
					};
					D67B7BFD245B688D005B7B5A = {
						CreatedOnToolsVersion = 11.4.1;
						TestTargetID = D642BDAF23A9FE4500396732;
					};
				};
			};
			buildConfigurationList = D642BDAB23A9FE4500396732 /* Build configuration list for PBXProject "Reversi" */;
			compatibilityVersion = "Xcode 9.3";
			developmentRegion = en;
			hasScannedForEncodings = 0;
			knownRegions = (
				en,
				Base,
			);
			mainGroup = D642BDA723A9FE4500396732;
			productRefGroup = D642BDB123A9FE4500396732 /* Products */;
			projectDirPath = "";
			projectRoot = "";
			targets = (
				D642BDAF23A9FE4500396732 /* Reversi */,
				D642BDC523A9FE4700396732 /* ReversiTests */,
				D67B7BBD245A18F4005B7B5A /* ReversiCore */,
				D67B7BC5245A18F4005B7B5A /* ReversiCoreTests */,
				D67B7BF5245B688C005B7B5A /* ReversiStore */,
				D67B7BFD245B688D005B7B5A /* ReversiStoreTests */,
			);
		};
/* End PBXProject section */

/* Begin PBXResourcesBuildPhase section */
		D642BDAE23A9FE4500396732 /* Resources */ = {
			isa = PBXResourcesBuildPhase;
			buildActionMask = 2147483647;
			files = (
				D642BDC023A9FE4700396732 /* LaunchScreen.storyboard in Resources */,
				D642BDBD23A9FE4700396732 /* Assets.xcassets in Resources */,
				D642BDBB23A9FE4500396732 /* Main.storyboard in Resources */,
			);
			runOnlyForDeploymentPostprocessing = 0;
		};
		D642BDC423A9FE4700396732 /* Resources */ = {
			isa = PBXResourcesBuildPhase;
			buildActionMask = 2147483647;
			files = (
			);
			runOnlyForDeploymentPostprocessing = 0;
		};
		D67B7BBC245A18F4005B7B5A /* Resources */ = {
			isa = PBXResourcesBuildPhase;
			buildActionMask = 2147483647;
			files = (
			);
			runOnlyForDeploymentPostprocessing = 0;
		};
		D67B7BC4245A18F4005B7B5A /* Resources */ = {
			isa = PBXResourcesBuildPhase;
			buildActionMask = 2147483647;
			files = (
			);
			runOnlyForDeploymentPostprocessing = 0;
		};
		D67B7BF4245B688C005B7B5A /* Resources */ = {
			isa = PBXResourcesBuildPhase;
			buildActionMask = 2147483647;
			files = (
			);
			runOnlyForDeploymentPostprocessing = 0;
		};
		D67B7BFC245B688D005B7B5A /* Resources */ = {
			isa = PBXResourcesBuildPhase;
			buildActionMask = 2147483647;
			files = (
			);
			runOnlyForDeploymentPostprocessing = 0;
		};
/* End PBXResourcesBuildPhase section */

/* Begin PBXSourcesBuildPhase section */
		D642BDAC23A9FE4500396732 /* Sources */ = {
			isa = PBXSourcesBuildPhase;
			buildActionMask = 2147483647;
			files = (
				D636B39F23D35043007F370F /* DiskView.swift in Sources */,
				D642BDD623AA0B3900396732 /* CellView.swift in Sources */,
				D67E44E8245526D300C0164F /* ViewModel.swift in Sources */,
				D642BDB823A9FE4500396732 /* ViewController.swift in Sources */,
				D642BDDC23AA137C00396732 /* BoardView.swift in Sources */,
				D642BDB423A9FE4500396732 /* AppDelegate.swift in Sources */,
				D642BDB623A9FE4500396732 /* SceneDelegate.swift in Sources */,
			);
			runOnlyForDeploymentPostprocessing = 0;
		};
		D642BDC223A9FE4700396732 /* Sources */ = {
			isa = PBXSourcesBuildPhase;
			buildActionMask = 2147483647;
			files = (
				D6ABBAEF2459206F009B28DD /* InMemoryGameStore.swift in Sources */,
				D6ABBAE7245550CE009B28DD /* Helper.swift in Sources */,
				D67E44EA2455493F00C0164F /* ViewModelTests.swift in Sources */,
				D6ABBAE924564C5E009B28DD /* ViewControllerTests.swift in Sources */,
			);
			runOnlyForDeploymentPostprocessing = 0;
		};
		D67B7BBA245A18F4005B7B5A /* Sources */ = {
			isa = PBXSourcesBuildPhase;
			buildActionMask = 2147483647;
			files = (
				D67B7BE7245A1AE0005B7B5A /* GameStateStore.swift in Sources */,
				D67B7BE8245A1AF1005B7B5A /* UserActionDelegate.swift in Sources */,
				D67B7BE0245A19E1005B7B5A /* Disk.swift in Sources */,
				D67B7BDB245A1927005B7B5A /* Canceller.swift in Sources */,
				D67B7BE2245A19E7005B7B5A /* GamePlayer.swift in Sources */,
				D67B7BDD245A1927005B7B5A /* GameManager.swift in Sources */,
				D67B7BE1245A19E4005B7B5A /* Board.swift in Sources */,
				D67B7BE3245A19EB005B7B5A /* GameState.swift in Sources */,
				D67B7BDE245A1927005B7B5A /* ReversiSpecification.swift in Sources */,
				D67B7BDC245A1927005B7B5A /* DiskPlacementError.swift in Sources */,
			);
			runOnlyForDeploymentPostprocessing = 0;
		};
		D67B7BC2245A18F4005B7B5A /* Sources */ = {
			isa = PBXSourcesBuildPhase;
			buildActionMask = 2147483647;
			files = (
				D67B7BE9245A1B1F005B7B5A /* ReversiSpecificationTests.swift in Sources */,
				D67B7BF0245A4153005B7B5A /* InMemoryGameStore.swift in Sources */,
				D67B7BEB245A1B24005B7B5A /* GameManagerTests.swift in Sources */,
				D67B7BEA245A1B1F005B7B5A /* BoardTests.swift in Sources */,
				D67B7BEE245A4121005B7B5A /* Helper.swift in Sources */,
			);
			runOnlyForDeploymentPostprocessing = 0;
		};
		D67B7BF2245B688C005B7B5A /* Sources */ = {
			isa = PBXSourcesBuildPhase;
			buildActionMask = 2147483647;
			files = (
				D67B7C13245B689A005B7B5A /* FileGameStateStore.swift in Sources */,
			);
			runOnlyForDeploymentPostprocessing = 0;
		};
		D67B7BFA245B688D005B7B5A /* Sources */ = {
			isa = PBXSourcesBuildPhase;
			buildActionMask = 2147483647;
			files = (
				D67B7C14245B68A4005B7B5A /* FileGameStateStoreTests.swift in Sources */,
				D67B7C17245B690B005B7B5A /* Helper.swift in Sources */,
			);
			runOnlyForDeploymentPostprocessing = 0;
		};
/* End PBXSourcesBuildPhase section */

/* Begin PBXTargetDependency section */
		D642BDC823A9FE4700396732 /* PBXTargetDependency */ = {
			isa = PBXTargetDependency;
			target = D642BDAF23A9FE4500396732 /* Reversi */;
			targetProxy = D642BDC723A9FE4700396732 /* PBXContainerItemProxy */;
		};
		D67B7BC9245A18F4005B7B5A /* PBXTargetDependency */ = {
			isa = PBXTargetDependency;
			target = D67B7BBD245A18F4005B7B5A /* ReversiCore */;
			targetProxy = D67B7BC8245A18F4005B7B5A /* PBXContainerItemProxy */;
		};
		D67B7BD2245A18F4005B7B5A /* PBXTargetDependency */ = {
			isa = PBXTargetDependency;
			target = D67B7BBD245A18F4005B7B5A /* ReversiCore */;
			targetProxy = D67B7BD1245A18F4005B7B5A /* PBXContainerItemProxy */;
		};
		D67B7C01245B688D005B7B5A /* PBXTargetDependency */ = {
			isa = PBXTargetDependency;
			target = D67B7BF5245B688C005B7B5A /* ReversiStore */;
			targetProxy = D67B7C00245B688D005B7B5A /* PBXContainerItemProxy */;
		};
		D67B7C0A245B688D005B7B5A /* PBXTargetDependency */ = {
			isa = PBXTargetDependency;
			target = D67B7BF5245B688C005B7B5A /* ReversiStore */;
			targetProxy = D67B7C09245B688D005B7B5A /* PBXContainerItemProxy */;
		};
/* End PBXTargetDependency section */

/* Begin PBXVariantGroup section */
		D642BDB923A9FE4500396732 /* Main.storyboard */ = {
			isa = PBXVariantGroup;
			children = (
				D642BDBA23A9FE4500396732 /* Base */,
			);
			name = Main.storyboard;
			sourceTree = "<group>";
		};
		D642BDBE23A9FE4700396732 /* LaunchScreen.storyboard */ = {
			isa = PBXVariantGroup;
			children = (
				D642BDBF23A9FE4700396732 /* Base */,
			);
			name = LaunchScreen.storyboard;
			sourceTree = "<group>";
		};
/* End PBXVariantGroup section */

/* Begin XCBuildConfiguration section */
		D642BDCD23A9FE4800396732 /* Debug */ = {
			isa = XCBuildConfiguration;
			buildSettings = {
				ALWAYS_SEARCH_USER_PATHS = NO;
				CLANG_ANALYZER_NONNULL = YES;
				CLANG_ANALYZER_NUMBER_OBJECT_CONVERSION = YES_AGGRESSIVE;
				CLANG_CXX_LANGUAGE_STANDARD = "gnu++14";
				CLANG_CXX_LIBRARY = "libc++";
				CLANG_ENABLE_MODULES = YES;
				CLANG_ENABLE_OBJC_ARC = YES;
				CLANG_ENABLE_OBJC_WEAK = YES;
				CLANG_WARN_BLOCK_CAPTURE_AUTORELEASING = YES;
				CLANG_WARN_BOOL_CONVERSION = YES;
				CLANG_WARN_COMMA = YES;
				CLANG_WARN_CONSTANT_CONVERSION = YES;
				CLANG_WARN_DEPRECATED_OBJC_IMPLEMENTATIONS = YES;
				CLANG_WARN_DIRECT_OBJC_ISA_USAGE = YES_ERROR;
				CLANG_WARN_DOCUMENTATION_COMMENTS = YES;
				CLANG_WARN_EMPTY_BODY = YES;
				CLANG_WARN_ENUM_CONVERSION = YES;
				CLANG_WARN_INFINITE_RECURSION = YES;
				CLANG_WARN_INT_CONVERSION = YES;
				CLANG_WARN_NON_LITERAL_NULL_CONVERSION = YES;
				CLANG_WARN_OBJC_IMPLICIT_RETAIN_SELF = YES;
				CLANG_WARN_OBJC_LITERAL_CONVERSION = YES;
				CLANG_WARN_OBJC_ROOT_CLASS = YES_ERROR;
				CLANG_WARN_RANGE_LOOP_ANALYSIS = YES;
				CLANG_WARN_STRICT_PROTOTYPES = YES;
				CLANG_WARN_SUSPICIOUS_MOVE = YES;
				CLANG_WARN_UNGUARDED_AVAILABILITY = YES_AGGRESSIVE;
				CLANG_WARN_UNREACHABLE_CODE = YES;
				CLANG_WARN__DUPLICATE_METHOD_MATCH = YES;
				COPY_PHASE_STRIP = NO;
				DEBUG_INFORMATION_FORMAT = dwarf;
				ENABLE_STRICT_OBJC_MSGSEND = YES;
				ENABLE_TESTABILITY = YES;
				GCC_C_LANGUAGE_STANDARD = gnu11;
				GCC_DYNAMIC_NO_PIC = NO;
				GCC_NO_COMMON_BLOCKS = YES;
				GCC_OPTIMIZATION_LEVEL = 0;
				GCC_PREPROCESSOR_DEFINITIONS = (
					"DEBUG=1",
					"$(inherited)",
				);
				GCC_WARN_64_TO_32_BIT_CONVERSION = YES;
				GCC_WARN_ABOUT_RETURN_TYPE = YES_ERROR;
				GCC_WARN_UNDECLARED_SELECTOR = YES;
				GCC_WARN_UNINITIALIZED_AUTOS = YES_AGGRESSIVE;
				GCC_WARN_UNUSED_FUNCTION = YES;
				GCC_WARN_UNUSED_VARIABLE = YES;
				MTL_ENABLE_DEBUG_INFO = INCLUDE_SOURCE;
				MTL_FAST_MATH = YES;
				ONLY_ACTIVE_ARCH = YES;
				SDKROOT = iphoneos;
				SWIFT_ACTIVE_COMPILATION_CONDITIONS = DEBUG;
				SWIFT_OPTIMIZATION_LEVEL = "-Onone";
			};
			name = Debug;
		};
		D642BDCE23A9FE4800396732 /* Release */ = {
			isa = XCBuildConfiguration;
			buildSettings = {
				ALWAYS_SEARCH_USER_PATHS = NO;
				CLANG_ANALYZER_NONNULL = YES;
				CLANG_ANALYZER_NUMBER_OBJECT_CONVERSION = YES_AGGRESSIVE;
				CLANG_CXX_LANGUAGE_STANDARD = "gnu++14";
				CLANG_CXX_LIBRARY = "libc++";
				CLANG_ENABLE_MODULES = YES;
				CLANG_ENABLE_OBJC_ARC = YES;
				CLANG_ENABLE_OBJC_WEAK = YES;
				CLANG_WARN_BLOCK_CAPTURE_AUTORELEASING = YES;
				CLANG_WARN_BOOL_CONVERSION = YES;
				CLANG_WARN_COMMA = YES;
				CLANG_WARN_CONSTANT_CONVERSION = YES;
				CLANG_WARN_DEPRECATED_OBJC_IMPLEMENTATIONS = YES;
				CLANG_WARN_DIRECT_OBJC_ISA_USAGE = YES_ERROR;
				CLANG_WARN_DOCUMENTATION_COMMENTS = YES;
				CLANG_WARN_EMPTY_BODY = YES;
				CLANG_WARN_ENUM_CONVERSION = YES;
				CLANG_WARN_INFINITE_RECURSION = YES;
				CLANG_WARN_INT_CONVERSION = YES;
				CLANG_WARN_NON_LITERAL_NULL_CONVERSION = YES;
				CLANG_WARN_OBJC_IMPLICIT_RETAIN_SELF = YES;
				CLANG_WARN_OBJC_LITERAL_CONVERSION = YES;
				CLANG_WARN_OBJC_ROOT_CLASS = YES_ERROR;
				CLANG_WARN_RANGE_LOOP_ANALYSIS = YES;
				CLANG_WARN_STRICT_PROTOTYPES = YES;
				CLANG_WARN_SUSPICIOUS_MOVE = YES;
				CLANG_WARN_UNGUARDED_AVAILABILITY = YES_AGGRESSIVE;
				CLANG_WARN_UNREACHABLE_CODE = YES;
				CLANG_WARN__DUPLICATE_METHOD_MATCH = YES;
				COPY_PHASE_STRIP = NO;
				DEBUG_INFORMATION_FORMAT = "dwarf-with-dsym";
				ENABLE_NS_ASSERTIONS = NO;
				ENABLE_STRICT_OBJC_MSGSEND = YES;
				GCC_C_LANGUAGE_STANDARD = gnu11;
				GCC_NO_COMMON_BLOCKS = YES;
				GCC_WARN_64_TO_32_BIT_CONVERSION = YES;
				GCC_WARN_ABOUT_RETURN_TYPE = YES_ERROR;
				GCC_WARN_UNDECLARED_SELECTOR = YES;
				GCC_WARN_UNINITIALIZED_AUTOS = YES_AGGRESSIVE;
				GCC_WARN_UNUSED_FUNCTION = YES;
				GCC_WARN_UNUSED_VARIABLE = YES;
				MTL_ENABLE_DEBUG_INFO = NO;
				MTL_FAST_MATH = YES;
				SDKROOT = iphoneos;
				SWIFT_COMPILATION_MODE = wholemodule;
				SWIFT_OPTIMIZATION_LEVEL = "-O";
				VALIDATE_PRODUCT = YES;
			};
			name = Release;
		};
		D642BDD023A9FE4800396732 /* Debug */ = {
			isa = XCBuildConfiguration;
			buildSettings = {
				ALWAYS_EMBED_SWIFT_STANDARD_LIBRARIES = YES;
				ASSETCATALOG_COMPILER_APPICON_NAME = AppIcon;
				CODE_SIGN_STYLE = Automatic;
				INFOPLIST_FILE = Reversi/Info.plist;
				LD_RUNPATH_SEARCH_PATHS = (
					"$(inherited)",
					"@executable_path/Frameworks",
				);
				PRODUCT_BUNDLE_IDENTIFIER = org.koherent.Reversi;
				PRODUCT_NAME = "$(TARGET_NAME)";
				SWIFT_VERSION = 5.0;
				TARGETED_DEVICE_FAMILY = "1,2";
			};
			name = Debug;
		};
		D642BDD123A9FE4800396732 /* Release */ = {
			isa = XCBuildConfiguration;
			buildSettings = {
				ALWAYS_EMBED_SWIFT_STANDARD_LIBRARIES = YES;
				ASSETCATALOG_COMPILER_APPICON_NAME = AppIcon;
				CODE_SIGN_STYLE = Automatic;
				INFOPLIST_FILE = Reversi/Info.plist;
				LD_RUNPATH_SEARCH_PATHS = (
					"$(inherited)",
					"@executable_path/Frameworks",
				);
				PRODUCT_BUNDLE_IDENTIFIER = org.koherent.Reversi;
				PRODUCT_NAME = "$(TARGET_NAME)";
				SWIFT_VERSION = 5.0;
				TARGETED_DEVICE_FAMILY = "1,2";
			};
			name = Release;
		};
		D642BDD323A9FE4800396732 /* Debug */ = {
			isa = XCBuildConfiguration;
			buildSettings = {
				ALWAYS_EMBED_SWIFT_STANDARD_LIBRARIES = YES;
				BUNDLE_LOADER = "$(TEST_HOST)";
				CODE_SIGN_STYLE = Automatic;
				INFOPLIST_FILE = ReversiTests/Info.plist;
				LD_RUNPATH_SEARCH_PATHS = (
					"$(inherited)",
					"@executable_path/Frameworks",
					"@loader_path/Frameworks",
				);
				PRODUCT_BUNDLE_IDENTIFIER = org.koherent.ReversiTests;
				PRODUCT_NAME = "$(TARGET_NAME)";
				SWIFT_VERSION = 5.0;
				TARGETED_DEVICE_FAMILY = "1,2";
				TEST_HOST = "$(BUILT_PRODUCTS_DIR)/Reversi.app/Reversi";
			};
			name = Debug;
		};
		D642BDD423A9FE4800396732 /* Release */ = {
			isa = XCBuildConfiguration;
			buildSettings = {
				ALWAYS_EMBED_SWIFT_STANDARD_LIBRARIES = YES;
				BUNDLE_LOADER = "$(TEST_HOST)";
				CODE_SIGN_STYLE = Automatic;
				INFOPLIST_FILE = ReversiTests/Info.plist;
				LD_RUNPATH_SEARCH_PATHS = (
					"$(inherited)",
					"@executable_path/Frameworks",
					"@loader_path/Frameworks",
				);
				PRODUCT_BUNDLE_IDENTIFIER = org.koherent.ReversiTests;
				PRODUCT_NAME = "$(TARGET_NAME)";
				SWIFT_VERSION = 5.0;
				TARGETED_DEVICE_FAMILY = "1,2";
				TEST_HOST = "$(BUILT_PRODUCTS_DIR)/Reversi.app/Reversi";
			};
			name = Release;
		};
		D67B7BD5245A18F4005B7B5A /* Debug */ = {
			isa = XCBuildConfiguration;
			buildSettings = {
				CODE_SIGN_STYLE = Automatic;
				CURRENT_PROJECT_VERSION = 1;
				DEFINES_MODULE = YES;
				DYLIB_COMPATIBILITY_VERSION = 1;
				DYLIB_CURRENT_VERSION = 1;
				DYLIB_INSTALL_NAME_BASE = "@rpath";
				INFOPLIST_FILE = ReversiCore/Info.plist;
				INSTALL_PATH = "$(LOCAL_LIBRARY_DIR)/Frameworks";
				IPHONEOS_DEPLOYMENT_TARGET = 13.4;
				LD_RUNPATH_SEARCH_PATHS = (
					"$(inherited)",
					"@executable_path/Frameworks",
					"@loader_path/Frameworks",
				);
				PRODUCT_BUNDLE_IDENTIFIER = shiz.sample.ReversiCore;
				PRODUCT_NAME = "$(TARGET_NAME:c99extidentifier)";
				SKIP_INSTALL = YES;
				SWIFT_VERSION = 5.0;
				TARGETED_DEVICE_FAMILY = "1,2";
				VERSIONING_SYSTEM = "apple-generic";
				VERSION_INFO_PREFIX = "";
			};
			name = Debug;
		};
		D67B7BD6245A18F4005B7B5A /* Release */ = {
			isa = XCBuildConfiguration;
			buildSettings = {
				CODE_SIGN_STYLE = Automatic;
				CURRENT_PROJECT_VERSION = 1;
				DEFINES_MODULE = YES;
				DYLIB_COMPATIBILITY_VERSION = 1;
				DYLIB_CURRENT_VERSION = 1;
				DYLIB_INSTALL_NAME_BASE = "@rpath";
				INFOPLIST_FILE = ReversiCore/Info.plist;
				INSTALL_PATH = "$(LOCAL_LIBRARY_DIR)/Frameworks";
				IPHONEOS_DEPLOYMENT_TARGET = 13.4;
				LD_RUNPATH_SEARCH_PATHS = (
					"$(inherited)",
					"@executable_path/Frameworks",
					"@loader_path/Frameworks",
				);
				PRODUCT_BUNDLE_IDENTIFIER = shiz.sample.ReversiCore;
				PRODUCT_NAME = "$(TARGET_NAME:c99extidentifier)";
				SKIP_INSTALL = YES;
				SWIFT_VERSION = 5.0;
				TARGETED_DEVICE_FAMILY = "1,2";
				VERSIONING_SYSTEM = "apple-generic";
				VERSION_INFO_PREFIX = "";
			};
			name = Release;
		};
		D67B7BD7245A18F4005B7B5A /* Debug */ = {
			isa = XCBuildConfiguration;
			buildSettings = {
				ALWAYS_EMBED_SWIFT_STANDARD_LIBRARIES = YES;
				CODE_SIGN_STYLE = Automatic;
				DEVELOPMENT_TEAM = L8VFCZLW2Z;
				INFOPLIST_FILE = ReversiCoreTests/Info.plist;
				IPHONEOS_DEPLOYMENT_TARGET = 13.4;
				LD_RUNPATH_SEARCH_PATHS = (
					"$(inherited)",
					"@executable_path/Frameworks",
					"@loader_path/Frameworks",
				);
				PRODUCT_BUNDLE_IDENTIFIER = shiz.sample.ReversiCoreTests;
				PRODUCT_NAME = "$(TARGET_NAME)";
				SWIFT_VERSION = 5.0;
				TARGETED_DEVICE_FAMILY = "1,2";
				TEST_HOST = "$(BUILT_PRODUCTS_DIR)/Reversi.app/Reversi";
			};
			name = Debug;
		};
		D67B7BD8245A18F4005B7B5A /* Release */ = {
			isa = XCBuildConfiguration;
			buildSettings = {
				ALWAYS_EMBED_SWIFT_STANDARD_LIBRARIES = YES;
				CODE_SIGN_STYLE = Automatic;
				DEVELOPMENT_TEAM = L8VFCZLW2Z;
				INFOPLIST_FILE = ReversiCoreTests/Info.plist;
				IPHONEOS_DEPLOYMENT_TARGET = 13.4;
				LD_RUNPATH_SEARCH_PATHS = (
					"$(inherited)",
					"@executable_path/Frameworks",
					"@loader_path/Frameworks",
				);
				PRODUCT_BUNDLE_IDENTIFIER = shiz.sample.ReversiCoreTests;
				PRODUCT_NAME = "$(TARGET_NAME)";
				SWIFT_VERSION = 5.0;
				TARGETED_DEVICE_FAMILY = "1,2";
				TEST_HOST = "$(BUILT_PRODUCTS_DIR)/Reversi.app/Reversi";
			};
			name = Release;
		};
		D67B7C0E245B688D005B7B5A /* Debug */ = {
			isa = XCBuildConfiguration;
			buildSettings = {
				CODE_SIGN_STYLE = Automatic;
				CURRENT_PROJECT_VERSION = 1;
				DEFINES_MODULE = YES;
				DYLIB_COMPATIBILITY_VERSION = 1;
				DYLIB_CURRENT_VERSION = 1;
				DYLIB_INSTALL_NAME_BASE = "@rpath";
				INFOPLIST_FILE = ReversiStore/Info.plist;
				INSTALL_PATH = "$(LOCAL_LIBRARY_DIR)/Frameworks";
				IPHONEOS_DEPLOYMENT_TARGET = 13.4;
				LD_RUNPATH_SEARCH_PATHS = (
					"$(inherited)",
					"@executable_path/Frameworks",
					"@loader_path/Frameworks",
				);
				PRODUCT_BUNDLE_IDENTIFIER = shiz.sample.ReversiStore;
				PRODUCT_NAME = "$(TARGET_NAME:c99extidentifier)";
				SKIP_INSTALL = YES;
				SWIFT_VERSION = 5.0;
				TARGETED_DEVICE_FAMILY = "1,2";
				VERSIONING_SYSTEM = "apple-generic";
				VERSION_INFO_PREFIX = "";
			};
			name = Debug;
		};
		D67B7C0F245B688D005B7B5A /* Release */ = {
			isa = XCBuildConfiguration;
			buildSettings = {
				CODE_SIGN_STYLE = Automatic;
				CURRENT_PROJECT_VERSION = 1;
				DEFINES_MODULE = YES;
				DYLIB_COMPATIBILITY_VERSION = 1;
				DYLIB_CURRENT_VERSION = 1;
				DYLIB_INSTALL_NAME_BASE = "@rpath";
				INFOPLIST_FILE = ReversiStore/Info.plist;
				INSTALL_PATH = "$(LOCAL_LIBRARY_DIR)/Frameworks";
				IPHONEOS_DEPLOYMENT_TARGET = 13.4;
				LD_RUNPATH_SEARCH_PATHS = (
					"$(inherited)",
					"@executable_path/Frameworks",
					"@loader_path/Frameworks",
				);
				PRODUCT_BUNDLE_IDENTIFIER = shiz.sample.ReversiStore;
				PRODUCT_NAME = "$(TARGET_NAME:c99extidentifier)";
				SKIP_INSTALL = YES;
				SWIFT_VERSION = 5.0;
				TARGETED_DEVICE_FAMILY = "1,2";
				VERSIONING_SYSTEM = "apple-generic";
				VERSION_INFO_PREFIX = "";
			};
			name = Release;
		};
		D67B7C11245B688D005B7B5A /* Debug */ = {
			isa = XCBuildConfiguration;
			buildSettings = {
				ALWAYS_EMBED_SWIFT_STANDARD_LIBRARIES = YES;
				CODE_SIGN_STYLE = Automatic;
				DEVELOPMENT_TEAM = L8VFCZLW2Z;
				INFOPLIST_FILE = ReversiStoreTests/Info.plist;
				IPHONEOS_DEPLOYMENT_TARGET = 13.4;
				LD_RUNPATH_SEARCH_PATHS = (
					"$(inherited)",
					"@executable_path/Frameworks",
					"@loader_path/Frameworks",
				);
				PRODUCT_BUNDLE_IDENTIFIER = shiz.sample.ReversiStoreTests;
				PRODUCT_NAME = "$(TARGET_NAME)";
				SWIFT_VERSION = 5.0;
				TARGETED_DEVICE_FAMILY = "1,2";
				TEST_HOST = "$(BUILT_PRODUCTS_DIR)/Reversi.app/Reversi";
			};
			name = Debug;
		};
		D67B7C12245B688D005B7B5A /* Release */ = {
			isa = XCBuildConfiguration;
			buildSettings = {
				ALWAYS_EMBED_SWIFT_STANDARD_LIBRARIES = YES;
				CODE_SIGN_STYLE = Automatic;
				DEVELOPMENT_TEAM = L8VFCZLW2Z;
				INFOPLIST_FILE = ReversiStoreTests/Info.plist;
				IPHONEOS_DEPLOYMENT_TARGET = 13.4;
				LD_RUNPATH_SEARCH_PATHS = (
					"$(inherited)",
					"@executable_path/Frameworks",
					"@loader_path/Frameworks",
				);
				PRODUCT_BUNDLE_IDENTIFIER = shiz.sample.ReversiStoreTests;
				PRODUCT_NAME = "$(TARGET_NAME)";
				SWIFT_VERSION = 5.0;
				TARGETED_DEVICE_FAMILY = "1,2";
				TEST_HOST = "$(BUILT_PRODUCTS_DIR)/Reversi.app/Reversi";
			};
			name = Release;
		};
/* End XCBuildConfiguration section */

/* Begin XCConfigurationList section */
		D642BDAB23A9FE4500396732 /* Build configuration list for PBXProject "Reversi" */ = {
			isa = XCConfigurationList;
			buildConfigurations = (
				D642BDCD23A9FE4800396732 /* Debug */,
				D642BDCE23A9FE4800396732 /* Release */,
			);
			defaultConfigurationIsVisible = 0;
			defaultConfigurationName = Release;
		};
		D642BDCF23A9FE4800396732 /* Build configuration list for PBXNativeTarget "Reversi" */ = {
			isa = XCConfigurationList;
			buildConfigurations = (
				D642BDD023A9FE4800396732 /* Debug */,
				D642BDD123A9FE4800396732 /* Release */,
			);
			defaultConfigurationIsVisible = 0;
			defaultConfigurationName = Release;
		};
		D642BDD223A9FE4800396732 /* Build configuration list for PBXNativeTarget "ReversiTests" */ = {
			isa = XCConfigurationList;
			buildConfigurations = (
				D642BDD323A9FE4800396732 /* Debug */,
				D642BDD423A9FE4800396732 /* Release */,
			);
			defaultConfigurationIsVisible = 0;
			defaultConfigurationName = Release;
		};
		D67B7BD9245A18F4005B7B5A /* Build configuration list for PBXNativeTarget "ReversiCore" */ = {
			isa = XCConfigurationList;
			buildConfigurations = (
				D67B7BD5245A18F4005B7B5A /* Debug */,
				D67B7BD6245A18F4005B7B5A /* Release */,
			);
			defaultConfigurationIsVisible = 0;
			defaultConfigurationName = Release;
		};
		D67B7BDA245A18F4005B7B5A /* Build configuration list for PBXNativeTarget "ReversiCoreTests" */ = {
			isa = XCConfigurationList;
			buildConfigurations = (
				D67B7BD7245A18F4005B7B5A /* Debug */,
				D67B7BD8245A18F4005B7B5A /* Release */,
			);
			defaultConfigurationIsVisible = 0;
			defaultConfigurationName = Release;
		};
		D67B7C0D245B688D005B7B5A /* Build configuration list for PBXNativeTarget "ReversiStore" */ = {
			isa = XCConfigurationList;
			buildConfigurations = (
				D67B7C0E245B688D005B7B5A /* Debug */,
				D67B7C0F245B688D005B7B5A /* Release */,
			);
			defaultConfigurationIsVisible = 0;
			defaultConfigurationName = Release;
		};
		D67B7C10245B688D005B7B5A /* Build configuration list for PBXNativeTarget "ReversiStoreTests" */ = {
			isa = XCConfigurationList;
			buildConfigurations = (
				D67B7C11245B688D005B7B5A /* Debug */,
				D67B7C12245B688D005B7B5A /* Release */,
			);
			defaultConfigurationIsVisible = 0;
			defaultConfigurationName = Release;
		};
/* End XCConfigurationList section */
	};
	rootObject = D642BDA823A9FE4500396732 /* Project object */;
}
